
Microsoft Visual Studio Solution File, Format Version 12.00
# Visual Studio Version 17
VisualStudioVersion = 17.0.31903.59
MinimumVisualStudioVersion = 10.0.40219.1
Project("{2150E333-8FDC-42A3-9474-1A3956D46DE8}") = "src", "src", "{827E0CD3-B72D-47B6-A68D-7590B98EB39B}"
EndProject
Project("{FAE04EC0-301F-11D3-BF4B-00C04F79EFBC}") = "Robotics.ReferenceServer", "src\Robotics.ReferenceServer\Robotics.ReferenceServer.csproj", "{D032AA13-25CC-4334-BAA2-66AE3AD09B5E}"
EndProject
Project("{FAE04EC0-301F-11D3-BF4B-00C04F79EFBC}") = "Robotics.Shared", "src\Robotics.Shared\Robotics.Shared.csproj", "{B035B7F6-CED5-48A6-9ECD-70268F798270}"
EndProject
Project("{2150E333-8FDC-42A3-9474-1A3956D46DE8}") = "tests", "tests", "{0AB3BF05-4346-4AA6-1389-037BE0695223}"
EndProject
Project("{FAE04EC0-301F-11D3-BF4B-00C04F79EFBC}") = "Robotics.Shared.Tests", "tests\Robotics.Shared.Tests\Robotics.Shared.Tests.csproj", "{4AE2D134-CB82-4E12-BF2A-76617EBCBF58}"
EndProject
Project("{FAE04EC0-301F-11D3-BF4B-00C04F79EFBC}") = "Robotics.ReferenceClient", "src\Robotics.ReferenceClient\Robotics.ReferenceClient.csproj", "{7EF91573-E550-472E-B864-D3D055AF8B01}"
EndProject
Project("{FAE04EC0-301F-11D3-BF4B-00C04F79EFBC}") = "Robotics.OpcUa.RoboticsModel.Generated", "src\Robotics.OpcUa.RoboticsModel.Generated\Robotics.OpcUa.RoboticsModel.Generated.csproj", "{C36B47D1-DF55-4800-8D67-6ADE79BB67A3}"
EndProject
Global
	GlobalSection(SolutionConfigurationPlatforms) = preSolution
		Debug|Any CPU = Debug|Any CPU
		Debug|x64 = Debug|x64
		Debug|x86 = Debug|x86
		Release|Any CPU = Release|Any CPU
		Release|x64 = Release|x64
		Release|x86 = Release|x86
	EndGlobalSection
	GlobalSection(ProjectConfigurationPlatforms) = postSolution
		{D032AA13-25CC-4334-BAA2-66AE3AD09B5E}.Debug|Any CPU.ActiveCfg = Debug|Any CPU
		{D032AA13-25CC-4334-BAA2-66AE3AD09B5E}.Debug|Any CPU.Build.0 = Debug|Any CPU
		{D032AA13-25CC-4334-BAA2-66AE3AD09B5E}.Debug|x64.ActiveCfg = Debug|Any CPU
		{D032AA13-25CC-4334-BAA2-66AE3AD09B5E}.Debug|x64.Build.0 = Debug|Any CPU
		{D032AA13-25CC-4334-BAA2-66AE3AD09B5E}.Debug|x86.ActiveCfg = Debug|Any CPU
		{D032AA13-25CC-4334-BAA2-66AE3AD09B5E}.Debug|x86.Build.0 = Debug|Any CPU
		{D032AA13-25CC-4334-BAA2-66AE3AD09B5E}.Release|Any CPU.ActiveCfg = Release|Any CPU
		{D032AA13-25CC-4334-BAA2-66AE3AD09B5E}.Release|Any CPU.Build.0 = Release|Any CPU
		{D032AA13-25CC-4334-BAA2-66AE3AD09B5E}.Release|x64.ActiveCfg = Release|Any CPU
		{D032AA13-25CC-4334-BAA2-66AE3AD09B5E}.Release|x64.Build.0 = Release|Any CPU
		{D032AA13-25CC-4334-BAA2-66AE3AD09B5E}.Release|x86.ActiveCfg = Release|Any CPU
		{D032AA13-25CC-4334-BAA2-66AE3AD09B5E}.Release|x86.Build.0 = Release|Any CPU
		{B035B7F6-CED5-48A6-9ECD-70268F798270}.Debug|Any CPU.ActiveCfg = Debug|Any CPU
		{B035B7F6-CED5-48A6-9ECD-70268F798270}.Debug|Any CPU.Build.0 = Debug|Any CPU
		{B035B7F6-CED5-48A6-9ECD-70268F798270}.Debug|x64.ActiveCfg = Debug|Any CPU
		{B035B7F6-CED5-48A6-9ECD-70268F798270}.Debug|x64.Build.0 = Debug|Any CPU
		{B035B7F6-CED5-48A6-9ECD-70268F798270}.Debug|x86.ActiveCfg = Debug|Any CPU
		{B035B7F6-CED5-48A6-9ECD-70268F798270}.Debug|x86.Build.0 = Debug|Any CPU
		{B035B7F6-CED5-48A6-9ECD-70268F798270}.Release|Any CPU.ActiveCfg = Release|Any CPU
		{B035B7F6-CED5-48A6-9ECD-70268F798270}.Release|Any CPU.Build.0 = Release|Any CPU
		{B035B7F6-CED5-48A6-9ECD-70268F798270}.Release|x64.ActiveCfg = Release|Any CPU
		{B035B7F6-CED5-48A6-9ECD-70268F798270}.Release|x64.Build.0 = Release|Any CPU
		{B035B7F6-CED5-48A6-9ECD-70268F798270}.Release|x86.ActiveCfg = Release|Any CPU
		{B035B7F6-CED5-48A6-9ECD-70268F798270}.Release|x86.Build.0 = Release|Any CPU
		{4AE2D134-CB82-4E12-BF2A-76617EBCBF58}.Debug|Any CPU.ActiveCfg = Debug|Any CPU
		{4AE2D134-CB82-4E12-BF2A-76617EBCBF58}.Debug|Any CPU.Build.0 = Debug|Any CPU
		{4AE2D134-CB82-4E12-BF2A-76617EBCBF58}.Debug|x64.ActiveCfg = Debug|Any CPU
		{4AE2D134-CB82-4E12-BF2A-76617EBCBF58}.Debug|x64.Build.0 = Debug|Any CPU
		{4AE2D134-CB82-4E12-BF2A-76617EBCBF58}.Debug|x86.ActiveCfg = Debug|Any CPU
		{4AE2D134-CB82-4E12-BF2A-76617EBCBF58}.Debug|x86.Build.0 = Debug|Any CPU
		{4AE2D134-CB82-4E12-BF2A-76617EBCBF58}.Release|Any CPU.ActiveCfg = Release|Any CPU
		{4AE2D134-CB82-4E12-BF2A-76617EBCBF58}.Release|Any CPU.Build.0 = Release|Any CPU
		{4AE2D134-CB82-4E12-BF2A-76617EBCBF58}.Release|x64.ActiveCfg = Release|Any CPU
		{4AE2D134-CB82-4E12-BF2A-76617EBCBF58}.Release|x64.Build.0 = Release|Any CPU
		{4AE2D134-CB82-4E12-BF2A-76617EBCBF58}.Release|x86.ActiveCfg = Release|Any CPU
		{4AE2D134-CB82-4E12-BF2A-76617EBCBF58}.Release|x86.Build.0 = Release|Any CPU
		{7EF91573-E550-472E-B864-D3D055AF8B01}.Debug|Any CPU.ActiveCfg = Debug|Any CPU
		{7EF91573-E550-472E-B864-D3D055AF8B01}.Debug|Any CPU.Build.0 = Debug|Any CPU
		{7EF91573-E550-472E-B864-D3D055AF8B01}.Debug|x64.ActiveCfg = Debug|Any CPU
		{7EF91573-E550-472E-B864-D3D055AF8B01}.Debug|x64.Build.0 = Debug|Any CPU
		{7EF91573-E550-472E-B864-D3D055AF8B01}.Debug|x86.ActiveCfg = Debug|Any CPU
		{7EF91573-E550-472E-B864-D3D055AF8B01}.Debug|x86.Build.0 = Debug|Any CPU
		{7EF91573-E550-472E-B864-D3D055AF8B01}.Release|Any CPU.ActiveCfg = Release|Any CPU
		{7EF91573-E550-472E-B864-D3D055AF8B01}.Release|Any CPU.Build.0 = Release|Any CPU
		{7EF91573-E550-472E-B864-D3D055AF8B01}.Release|x64.ActiveCfg = Release|Any CPU
		{7EF91573-E550-472E-B864-D3D055AF8B01}.Release|x64.Build.0 = Release|Any CPU
		{7EF91573-E550-472E-B864-D3D055AF8B01}.Release|x86.ActiveCfg = Release|Any CPU
		{7EF91573-E550-472E-B864-D3D055AF8B01}.Release|x86.Build.0 = Release|Any CPU
		{C36B47D1-DF55-4800-8D67-6ADE79BB67A3}.Debug|Any CPU.ActiveCfg = Debug|Any CPU
		{C36B47D1-DF55-4800-8D67-6ADE79BB67A3}.Debug|Any CPU.Build.0 = Debug|Any CPU
		{C36B47D1-DF55-4800-8D67-6ADE79BB67A3}.Debug|x64.ActiveCfg = Debug|Any CPU
		{C36B47D1-DF55-4800-8D67-6ADE79BB67A3}.Debug|x64.Build.0 = Debug|Any CPU
		{C36B47D1-DF55-4800-8D67-6ADE79BB67A3}.Debug|x86.ActiveCfg = Debug|Any CPU
		{C36B47D1-DF55-4800-8D67-6ADE79BB67A3}.Debug|x86.Build.0 = Debug|Any CPU
		{C36B47D1-DF55-4800-8D67-6ADE79BB67A3}.Release|Any CPU.ActiveCfg = Release|Any CPU
		{C36B47D1-DF55-4800-8D67-6ADE79BB67A3}.Release|Any CPU.Build.0 = Release|Any CPU
		{C36B47D1-DF55-4800-8D67-6ADE79BB67A3}.Release|x64.ActiveCfg = Release|Any CPU
		{C36B47D1-DF55-4800-8D67-6ADE79BB67A3}.Release|x64.Build.0 = Release|Any CPU
		{C36B47D1-DF55-4800-8D67-6ADE79BB67A3}.Release|x86.ActiveCfg = Release|Any CPU
		{C36B47D1-DF55-4800-8D67-6ADE79BB67A3}.Release|x86.Build.0 = Release|Any CPU
	EndGlobalSection
	GlobalSection(SolutionProperties) = preSolution
		HideSolutionNode = FALSE
	EndGlobalSection
	GlobalSection(NestedProjects) = preSolution
		{D032AA13-25CC-4334-BAA2-66AE3AD09B5E} = {827E0CD3-B72D-47B6-A68D-7590B98EB39B}
		{B035B7F6-CED5-48A6-9ECD-70268F798270} = {827E0CD3-B72D-47B6-A68D-7590B98EB39B}
		{4AE2D134-CB82-4E12-BF2A-76617EBCBF58} = {0AB3BF05-4346-4AA6-1389-037BE0695223}
		{7EF91573-E550-472E-B864-D3D055AF8B01} = {827E0CD3-B72D-47B6-A68D-7590B98EB39B}
		{C36B47D1-DF55-4800-8D67-6ADE79BB67A3} = {827E0CD3-B72D-47B6-A68D-7590B98EB39B}
	EndGlobalSection
EndGlobal
